
Microsoft Visual Studio Solution File, Format Version 12.00
# Visual Studio Version 17
VisualStudioVersion = 17.5.002.0
MinimumVisualStudioVersion = 10.0.40219.1
Project("{9A19103F-16F7-4668-BE54-9A1E7A4F7556}") = "ModShardChecksum", "ModShardChecksum.csproj", "{A9A62BFD-0E0D-4972-821F-BEB8163D89AD}"
EndProject
Global
	GlobalSection(SolutionConfigurationPlatforms) = preSolution
		Debug|Any CPU = Debug|Any CPU
		Release|Any CPU = Release|Any CPU
	EndGlobalSection
	GlobalSection(ProjectConfigurationPlatforms) = postSolution
		{A9A62BFD-0E0D-4972-821F-BEB8163D89AD}.Debug|Any CPU.ActiveCfg = Debug|Any CPU
		{A9A62BFD-0E0D-4972-821F-BEB8163D89AD}.Debug|Any CPU.Build.0 = Debug|Any CPU
		{A9A62BFD-0E0D-4972-821F-BEB8163D89AD}.Release|Any CPU.ActiveCfg = Release|Any CPU
		{A9A62BFD-0E0D-4972-821F-BEB8163D89AD}.Release|Any CPU.Build.0 = Release|Any CPU
	EndGlobalSection
	GlobalSection(SolutionProperties) = preSolution
		HideSolutionNode = FALSE
	EndGlobalSection
	GlobalSection(ExtensibilityGlobals) = postSolution
		SolutionGuid = {AD30E0F5-896D-44BE-814E-09206026D640}
	EndGlobalSection
EndGlobal
